Microsoft Visual Studio Solution File, Format Version 12.00
# Visual Studio Version 17
VisualStudioVersion = 17.5.2.0
MinimumVisualStudioVersion = 10.0.40219.1
Project("{FAE04EC0-301F-11D3-BF4B-00C04F79EFBC}") = "CentralizedDashboard", "CentralizedDashboard.csproj", "{78965BD5-BBC6-2A96-7DCB-AF0170EE6B74}"
EndProject
Global
	GlobalSection(SolutionConfigurationPlatforms) = preSolution
		Debug|Any CPU = Debug|Any CPU
		Release|Any CPU = Release|Any CPU
	EndGlobalSection
	GlobalSection(ProjectConfigurationPlatforms) = postSolution
		{78965BD5-BBC6-2A96-7DCB-AF0170EE6B74}.Debug|Any CPU.ActiveCfg = Debug|Any CPU
		{78965BD5-BBC6-2A96-7DCB-AF0170EE6B74}.Debug|Any CPU.Build.0 = Debug|Any CPU
		{78965BD5-BBC6-2A96-7DCB-AF0170EE6B74}.Release|Any CPU.ActiveCfg = Release|Any CPU
		{78965BD5-BBC6-2A96-7DCB-AF0170EE6B74}.Release|Any CPU.Build.0 = Release|Any CPU
	EndGlobalSection
	GlobalSection(SolutionProperties) = preSolution
		HideSolutionNode = FALSE
	EndGlobalSection
	GlobalSection(ExtensibilityGlobals) = postSolution
		SolutionGuid = {297AC4D2-AD68-4B05-8F94-4B4DDAF2A160}
	EndGlobalSection
EndGlobal
